
Microsoft Visual Studio Solution File, Format Version 12.00
# Visual Studio Version 16
VisualStudioVersion = 16.0.31613.86
MinimumVisualStudioVersion = 10.0.40219.1
Project("{9A19103F-16F7-4668-BE54-9A1E7A4F7556}") = "MyMoviesAPI", "MyMoviesAPI\MyMoviesAPI.csproj", "{86D85627-07F2-46C8-916F-A70D86E13421}"
EndProject
Project("{9A19103F-16F7-4668-BE54-9A1E7A4F7556}") = "MyMoviesCore", "MyMoviesCore\MyMoviesCore.csproj", "{811BC6E6-60E3-40E8-8660-910481DCC52D}"
EndProject
Project("{9A19103F-16F7-4668-BE54-9A1E7A4F7556}") = "MyMoviesInfrastructure", "MyMoviesInfrastructure\MyMoviesInfrastructure.csproj", "{90A753E9-4CE1-4D51-959B-3248C8F429ED}"
EndProject
Global
	GlobalSection(SolutionConfigurationPlatforms) = preSolution
		Debug|Any CPU = Debug|Any CPU
		Release|Any CPU = Release|Any CPU
	EndGlobalSection
	GlobalSection(ProjectConfigurationPlatforms) = postSolution
		{86D85627-07F2-46C8-916F-A70D86E13421}.Debug|Any CPU.ActiveCfg = Debug|Any CPU
		{86D85627-07F2-46C8-916F-A70D86E13421}.Debug|Any CPU.Build.0 = Debug|Any CPU
		{86D85627-07F2-46C8-916F-A70D86E13421}.Release|Any CPU.ActiveCfg = Release|Any CPU
		{86D85627-07F2-46C8-916F-A70D86E13421}.Release|Any CPU.Build.0 = Release|Any CPU
		{811BC6E6-60E3-40E8-8660-910481DCC52D}.Debug|Any CPU.ActiveCfg = Debug|Any CPU
		{811BC6E6-60E3-40E8-8660-910481DCC52D}.Debug|Any CPU.Build.0 = Debug|Any CPU
		{811BC6E6-60E3-40E8-8660-910481DCC52D}.Release|Any CPU.ActiveCfg = Release|Any CPU
		{811BC6E6-60E3-40E8-8660-910481DCC52D}.Release|Any CPU.Build.0 = Release|Any CPU
		{90A753E9-4CE1-4D51-959B-3248C8F429ED}.Debug|Any CPU.ActiveCfg = Debug|Any CPU
		{90A753E9-4CE1-4D51-959B-3248C8F429ED}.Debug|Any CPU.Build.0 = Debug|Any CPU
		{90A753E9-4CE1-4D51-959B-3248C8F429ED}.Release|Any CPU.ActiveCfg = Release|Any CPU
		{90A753E9-4CE1-4D51-959B-3248C8F429ED}.Release|Any CPU.Build.0 = Release|Any CPU
	EndGlobalSection
	GlobalSection(SolutionProperties) = preSolution
		HideSolutionNode = FALSE
	EndGlobalSection
	GlobalSection(ExtensibilityGlobals) = postSolution
		SolutionGuid = {44789D4E-1B42-45EC-AABF-20BBB35775E7}
	EndGlobalSection
EndGlobal
